// !$*UTF8*$!
{
	archiveVersion = 1;
	classes = {
	};
	objectVersion = 50;
	objects = {

/* Begin PBXBuildFile section */
		232828EF26EE3C5100597A65 /* ViagensApp.swift in Sources */ = {isa = PBXBuildFile; fileRef = 232828EE26EE3C5100597A65 /* ViagensApp.swift */; };
		232828F126EE3C5100597A65 /* ContentView.swift in Sources */ = {isa = PBXBuildFile; fileRef = 232828F026EE3C5100597A65 /* ContentView.swift */; };
		232828F326EE3C5200597A65 /* Assets.xcassets in Resources */ = {isa = PBXBuildFile; fileRef = 232828F226EE3C5200597A65 /* Assets.xcassets */; };
		232828F626EE3C5200597A65 /* Preview Assets.xcassets in Resources */ = {isa = PBXBuildFile; fileRef = 232828F526EE3C5200597A65 /* Preview Assets.xcassets */; };
		232828FE26EE443E00597A65 /* Launch Screen.storyboard in Resources */ = {isa = PBXBuildFile; fileRef = 232828FD26EE443E00597A65 /* Launch Screen.storyboard */; };
		2351F74626EF89640001240D /* Dados.swift in Sources */ = {isa = PBXBuildFile; fileRef = 2351F74426EF89640001240D /* Dados.swift */; };
		2351F74726EF89640001240D /* Viagem.swift in Sources */ = {isa = PBXBuildFile; fileRef = 2351F74526EF89640001240D /* Viagem.swift */; };
		2351F74B26EF8A490001240D /* viagens.json in Resources */ = {isa = PBXBuildFile; fileRef = 2351F74A26EF8A490001240D /* viagens.json */; };
		2351F74E26EF8D180001240D /* HeaderView.swift in Sources */ = {isa = PBXBuildFile; fileRef = 2351F74D26EF8D180001240D /* HeaderView.swift */; };
		2351F75626EFA3E10001240D /* MapaView.swift in Sources */ = {isa = PBXBuildFile; fileRef = 2351F75526EFA3E10001240D /* MapaView.swift */; };
		23687D1726FCC36D00410A7E /* PacoteDeViagem.swift in Sources */ = {isa = PBXBuildFile; fileRef = 23687D1626FCC36D00410A7E /* PacoteDeViagem.swift */; };
		23687D1A26FCC40A00410A7E /* DestaquesView.swift in Sources */ = {isa = PBXBuildFile; fileRef = 23687D1926FCC40A00410A7E /* DestaquesView.swift */; };
		23687D1C26FCC43E00410A7E /* CelulaViagemView.swift in Sources */ = {isa = PBXBuildFile; fileRef = 23687D1B26FCC43E00410A7E /* CelulaViagemView.swift */; };
		23687D1F26FCC4AF00410A7E /* PacotesViagensView.swift in Sources */ = {isa = PBXBuildFile; fileRef = 23687D1E26FCC4AF00410A7E /* PacotesViagensView.swift */; };
		23687D2126FCC4D800410A7E /* SecaoPacotesView.swift in Sources */ = {isa = PBXBuildFile; fileRef = 23687D2026FCC4D800410A7E /* SecaoPacotesView.swift */; };
		23687D2326FCC50500410A7E /* ListaDePacotesView.swift in Sources */ = {isa = PBXBuildFile; fileRef = 23687D2226FCC50500410A7E /* ListaDePacotesView.swift */; };
		23687D2626FCC53800410A7E /* DetalhesViagemView.swift in Sources */ = {isa = PBXBuildFile; fileRef = 23687D2526FCC53800410A7E /* DetalhesViagemView.swift */; };
		23687D2926FCC5B400410A7E /* pacotes-viagens.json in Resources */ = {isa = PBXBuildFile; fileRef = 23687D2826FCC5B400410A7E /* pacotes-viagens.json */; };
/* End PBXBuildFile section */

/* Begin PBXFileReference section */
		232828EB26EE3C5100597A65 /* Viagens.app */ = {isa = PBXFileReference; explicitFileType = wrapper.application; includeInIndex = 0; path = Viagens.app; sourceTree = BUILT_PRODUCTS_DIR; };
		232828EE26EE3C5100597A65 /* ViagensApp.swift */ = {isa = PBXFileReference; lastKnownFileType = sourcecode.swift; path = ViagensApp.swift; sourceTree = "<group>"; };
		232828F026EE3C5100597A65 /* ContentView.swift */ = {isa = PBXFileReference; lastKnownFileType = sourcecode.swift; path = ContentView.swift; sourceTree = "<group>"; };
		232828F226EE3C5200597A65 /* Assets.xcassets */ = {isa = PBXFileReference; lastKnownFileType = folder.assetcatalog; path = Assets.xcassets; sourceTree = "<group>"; };
		232828F526EE3C5200597A65 /* Preview Assets.xcassets */ = {isa = PBXFileReference; lastKnownFileType = folder.assetcatalog; path = "Preview Assets.xcassets"; sourceTree = "<group>"; };
		232828F726EE3C5200597A65 /* Info.plist */ = {isa = PBXFileReference; lastKnownFileType = text.plist.xml; path = Info.plist; sourceTree = "<group>"; };
		232828FD26EE443E00597A65 /* Launch Screen.storyboard */ = {isa = PBXFileReference; lastKnownFileType = file.storyboard; path = "Launch Screen.storyboard"; sourceTree = "<group>"; };
		2351F74426EF89640001240D /* Dados.swift */ = {isa = PBXFileReference; fileEncoding = 4; lastKnownFileType = sourcecode.swift; path = Dados.swift; sourceTree = "<group>"; };
		2351F74526EF89640001240D /* Viagem.swift */ = {isa = PBXFileReference; fileEncoding = 4; lastKnownFileType = sourcecode.swift; path = Viagem.swift; sourceTree = "<group>"; };
		2351F74A26EF8A490001240D /* viagens.json */ = {isa = PBXFileReference; fileEncoding = 4; lastKnownFileType = text.json; name = viagens.json; path = Viagens/Mocks/viagens.json; sourceTree = SOURCE_ROOT; };
		2351F74D26EF8D180001240D /* HeaderView.swift */ = {isa = PBXFileReference; lastKnownFileType = sourcecode.swift; path = HeaderView.swift; sourceTree = "<group>"; };
		2351F75526EFA3E10001240D /* MapaView.swift */ = {isa = PBXFileReference; lastKnownFileType = sourcecode.swift; path = MapaView.swift; sourceTree = "<group>"; };
		23687D1626FCC36D00410A7E /* PacoteDeViagem.swift */ = {isa = PBXFileReference; lastKnownFileType = sourcecode.swift; path = PacoteDeViagem.swift; sourceTree = "<group>"; };
		23687D1926FCC40A00410A7E /* DestaquesView.swift */ = {isa = PBXFileReference; lastKnownFileType = sourcecode.swift; path = DestaquesView.swift; sourceTree = "<group>"; };
		23687D1B26FCC43E00410A7E /* CelulaViagemView.swift */ = {isa = PBXFileReference; lastKnownFileType = sourcecode.swift; path = CelulaViagemView.swift; sourceTree = "<group>"; };
		23687D1E26FCC4AF00410A7E /* PacotesViagensView.swift */ = {isa = PBXFileReference; lastKnownFileType = sourcecode.swift; path = PacotesViagensView.swift; sourceTree = "<group>"; };
		23687D2026FCC4D800410A7E /* SecaoPacotesView.swift */ = {isa = PBXFileReference; lastKnownFileType = sourcecode.swift; path = SecaoPacotesView.swift; sourceTree = "<group>"; };
		23687D2226FCC50500410A7E /* ListaDePacotesView.swift */ = {isa = PBXFileReference; lastKnownFileType = sourcecode.swift; path = ListaDePacotesView.swift; sourceTree = "<group>"; };
		23687D2526FCC53800410A7E /* DetalhesViagemView.swift */ = {isa = PBXFileReference; lastKnownFileType = sourcecode.swift; path = DetalhesViagemView.swift; sourceTree = "<group>"; };
		23687D2826FCC5B400410A7E /* pacotes-viagens.json */ = {isa = PBXFileReference; fileEncoding = 4; lastKnownFileType = text.json; name = "pacotes-viagens.json"; path = "../../../../swiftui-parte2-f839678402ba22eef19248d84b7e93ab719eced6/alura-viagens/Mocks/pacotes-viagens.json"; sourceTree = "<group>"; };
/* End PBXFileReference section */

/* Begin PBXFrameworksBuildPhase section */
		232828E826EE3C5100597A65 /* Frameworks */ = {
			isa = PBXFrameworksBuildPhase;
			buildActionMask = 2147483647;
			files = (
			);
			runOnlyForDeploymentPostprocessing = 0;
		};
/* End PBXFrameworksBuildPhase section */

/* Begin PBXGroup section */
		232828E226EE3C5100597A65 = {
			isa = PBXGroup;
			children = (
				232828ED26EE3C5100597A65 /* Viagens */,
				232828EC26EE3C5100597A65 /* Products */,
			);
			sourceTree = "<group>";
		};
		232828EC26EE3C5100597A65 /* Products */ = {
			isa = PBXGroup;
			children = (
				232828EB26EE3C5100597A65 /* Viagens.app */,
			);
			name = Products;
			sourceTree = "<group>";
		};
		232828ED26EE3C5100597A65 /* Viagens */ = {
			isa = PBXGroup;
			children = (
				23687D2726FCC58800410A7E /* Mocks */,
				2351F74C26EF8CF00001240D /* Views */,
				232828EE26EE3C5100597A65 /* ViagensApp.swift */,
				232828F226EE3C5200597A65 /* Assets.xcassets */,
				2351F74326EF89640001240D /* Models */,
				232828F726EE3C5200597A65 /* Info.plist */,
				232828F426EE3C5200597A65 /* Preview Content */,
				232828FD26EE443E00597A65 /* Launch Screen.storyboard */,
			);
			path = Viagens;
			sourceTree = "<group>";
		};
		232828F426EE3C5200597A65 /* Preview Content */ = {
			isa = PBXGroup;
			children = (
				232828F526EE3C5200597A65 /* Preview Assets.xcassets */,
			);
			path = "Preview Content";
			sourceTree = "<group>";
		};
		2351F74326EF89640001240D /* Models */ = {
			isa = PBXGroup;
			children = (
				2351F74426EF89640001240D /* Dados.swift */,
				2351F74526EF89640001240D /* Viagem.swift */,
				23687D1626FCC36D00410A7E /* PacoteDeViagem.swift */,
			);
			path = Models;
			sourceTree = "<group>";
		};
		2351F74C26EF8CF00001240D /* Views */ = {
			isa = PBXGroup;
			children = (
				232828F026EE3C5100597A65 /* ContentView.swift */,
				23687D1D26FCC49C00410A7E /* Pacotes */,
				23687D1826FCC3F400410A7E /* Destaques */,
				23687D2426FCC52600410A7E /* Detalhes */,
			);
			path = Views;
			sourceTree = "<group>";
		};
		23687D1826FCC3F400410A7E /* Destaques */ = {
			isa = PBXGroup;
			children = (
				2351F74D26EF8D180001240D /* HeaderView.swift */,
				2351F75526EFA3E10001240D /* MapaView.swift */,
				23687D1926FCC40A00410A7E /* DestaquesView.swift */,
				23687D1B26FCC43E00410A7E /* CelulaViagemView.swift */,
			);
			path = Destaques;
			sourceTree = "<group>";
		};
		23687D1D26FCC49C00410A7E /* Pacotes */ = {
			isa = PBXGroup;
			children = (
				23687D1E26FCC4AF00410A7E /* PacotesViagensView.swift */,
				23687D2026FCC4D800410A7E /* SecaoPacotesView.swift */,
				23687D2226FCC50500410A7E /* ListaDePacotesView.swift */,
			);
			path = Pacotes;
			sourceTree = "<group>";
		};
		23687D2426FCC52600410A7E /* Detalhes */ = {
			isa = PBXGroup;
			children = (
				23687D2526FCC53800410A7E /* DetalhesViagemView.swift */,
			);
			path = Detalhes;
			sourceTree = "<group>";
		};
		23687D2726FCC58800410A7E /* Mocks */ = {
			isa = PBXGroup;
			children = (
				23687D2826FCC5B400410A7E /* pacotes-viagens.json */,
				2351F74A26EF8A490001240D /* viagens.json */,
			);
			path = Mocks;
			sourceTree = "<group>";
		};
/* End PBXGroup section */

/* Begin PBXNativeTarget section */
		232828EA26EE3C5100597A65 /* Viagens */ = {
			isa = PBXNativeTarget;
			buildConfigurationList = 232828FA26EE3C5200597A65 /* Build configuration list for PBXNativeTarget "Viagens" */;
			buildPhases = (
				232828E726EE3C5100597A65 /* Sources */,
				232828E826EE3C5100597A65 /* Frameworks */,
				232828E926EE3C5100597A65 /* Resources */,
			);
			buildRules = (
			);
			dependencies = (
			);
			name = Viagens;
			productName = Viagens;
			productReference = 232828EB26EE3C5100597A65 /* Viagens.app */;
			productType = "com.apple.product-type.application";
		};
/* End PBXNativeTarget section */

/* Begin PBXProject section */
		232828E326EE3C5100597A65 /* Project object */ = {
			isa = PBXProject;
			attributes = {
				LastSwiftUpdateCheck = 1250;
				LastUpgradeCheck = 1250;
				TargetAttributes = {
					232828EA26EE3C5100597A65 = {
						CreatedOnToolsVersion = 12.5.1;
					};
				};
			};
			buildConfigurationList = 232828E626EE3C5100597A65 /* Build configuration list for PBXProject "Viagens" */;
			compatibilityVersion = "Xcode 9.3";
			developmentRegion = en;
			hasScannedForEncodings = 0;
			knownRegions = (
				en,
				Base,
			);
			mainGroup = 232828E226EE3C5100597A65;
			productRefGroup = 232828EC26EE3C5100597A65 /* Products */;
			projectDirPath = "";
			projectRoot = "";
			targets = (
				232828EA26EE3C5100597A65 /* Viagens */,
			);
		};
/* End PBXProject section */

/* Begin PBXResourcesBuildPhase section */
		232828E926EE3C5100597A65 /* Resources */ = {
			isa = PBXResourcesBuildPhase;
			buildActionMask = 2147483647;
			files = (
				23687D2926FCC5B400410A7E /* pacotes-viagens.json in Resources */,
				232828FE26EE443E00597A65 /* Launch Screen.storyboard in Resources */,
				2351F74B26EF8A490001240D /* viagens.json in Resources */,
				232828F626EE3C5200597A65 /* Preview Assets.xcassets in Resources */,
				232828F326EE3C5200597A65 /* Assets.xcassets in Resources */,
			);
			runOnlyForDeploymentPostprocessing = 0;
		};
/* End PBXResourcesBuildPhase section */

/* Begin PBXSourcesBuildPhase section */
		232828E726EE3C5100597A65 /* Sources */ = {
			isa = PBXSourcesBuildPhase;
			buildActionMask = 2147483647;
			files = (
				2351F74E26EF8D180001240D /* HeaderView.swift in Sources */,
				23687D1C26FCC43E00410A7E /* CelulaViagemView.swift in Sources */,
				23687D2126FCC4D800410A7E /* SecaoPacotesView.swift in Sources */,
				2351F75626EFA3E10001240D /* MapaView.swift in Sources */,
				2351F74726EF89640001240D /* Viagem.swift in Sources */,
				23687D1A26FCC40A00410A7E /* DestaquesView.swift in Sources */,
				232828F126EE3C5100597A65 /* ContentView.swift in Sources */,
				23687D1726FCC36D00410A7E /* PacoteDeViagem.swift in Sources */,
				2351F74626EF89640001240D /* Dados.swift in Sources */,
				23687D1F26FCC4AF00410A7E /* PacotesViagensView.swift in Sources */,
				232828EF26EE3C5100597A65 /* ViagensApp.swift in Sources */,
				23687D2326FCC50500410A7E /* ListaDePacotesView.swift in Sources */,
				23687D2626FCC53800410A7E /* DetalhesViagemView.swift in Sources */,
			);
			runOnlyForDeploymentPostprocessing = 0;
		};
/* End PBXSourcesBuildPhase section */

/* Begin XCBuildConfiguration section */
		232828F826EE3C5200597A65 /* Debug */ = {
			isa = XCBuildConfiguration;
			buildSettings = {
				ALWAYS_SEARCH_USER_PATHS = NO;
				CLANG_ANALYZER_NONNULL = YES;
				CLANG_ANALYZER_NUMBER_OBJECT_CONVERSION = YES_AGGRESSIVE;
				CLANG_CXX_LANGUAGE_STANDARD = "gnu++14";
				CLANG_CXX_LIBRARY = "libc++";
				CLANG_ENABLE_MODULES = YES;
				CLANG_ENABLE_OBJC_ARC = YES;
				CLANG_ENABLE_OBJC_WEAK = YES;
				CLANG_WARN_BLOCK_CAPTURE_AUTORELEASING = YES;
				CLANG_WARN_BOOL_CONVERSION = YES;
				CLANG_WARN_COMMA = YES;
				CLANG_WARN_CONSTANT_CONVERSION = YES;
				CLANG_WARN_DEPRECATED_OBJC_IMPLEMENTATIONS = YES;
				CLANG_WARN_DIRECT_OBJC_ISA_USAGE = YES_ERROR;
				CLANG_WARN_DOCUMENTATION_COMMENTS = YES;
				CLANG_WARN_EMPTY_BODY = YES;
				CLANG_WARN_ENUM_CONVERSION = YES;
				CLANG_WARN_INFINITE_RECURSION = YES;
				CLANG_WARN_INT_CONVERSION = YES;
				CLANG_WARN_NON_LITERAL_NULL_CONVERSION = YES;
				CLANG_WARN_OBJC_IMPLICIT_RETAIN_SELF = YES;
				CLANG_WARN_OBJC_LITERAL_CONVERSION = YES;
				CLANG_WARN_OBJC_ROOT_CLASS = YES_ERROR;
				CLANG_WARN_QUOTED_INCLUDE_IN_FRAMEWORK_HEADER = YES;
				CLANG_WARN_RANGE_LOOP_ANALYSIS = YES;
				CLANG_WARN_STRICT_PROTOTYPES = YES;
				CLANG_WARN_SUSPICIOUS_MOVE = YES;
				CLANG_WARN_UNGUARDED_AVAILABILITY = YES_AGGRESSIVE;
				CLANG_WARN_UNREACHABLE_CODE = YES;
				CLANG_WARN__DUPLICATE_METHOD_MATCH = YES;
				COPY_PHASE_STRIP = NO;
				DEBUG_INFORMATION_FORMAT = dwarf;
				ENABLE_STRICT_OBJC_MSGSEND = YES;
				ENABLE_TESTABILITY = YES;
				GCC_C_LANGUAGE_STANDARD = gnu11;
				GCC_DYNAMIC_NO_PIC = NO;
				GCC_NO_COMMON_BLOCKS = YES;
				GCC_OPTIMIZATION_LEVEL = 0;
				GCC_PREPROCESSOR_DEFINITIONS = (
					"DEBUG=1",
					"$(inherited)",
				);
				GCC_WARN_64_TO_32_BIT_CONVERSION = YES;
				GCC_WARN_ABOUT_RETURN_TYPE = YES_ERROR;
				GCC_WARN_UNDECLARED_SELECTOR = YES;
				GCC_WARN_UNINITIALIZED_AUTOS = YES_AGGRESSIVE;
				GCC_WARN_UNUSED_FUNCTION = YES;
				GCC_WARN_UNUSED_VARIABLE = YES;
				IPHONEOS_DEPLOYMENT_TARGET = 14.5;
				MTL_ENABLE_DEBUG_INFO = INCLUDE_SOURCE;
				MTL_FAST_MATH = YES;
				ONLY_ACTIVE_ARCH = YES;
				SDKROOT = iphoneos;
				SWIFT_ACTIVE_COMPILATION_CONDITIONS = DEBUG;
				SWIFT_OPTIMIZATION_LEVEL = "-Onone";
			};
			name = Debug;
		};
		232828F926EE3C5200597A65 /* Release */ = {
			isa = XCBuildConfiguration;
			buildSettings = {
				ALWAYS_SEARCH_USER_PATHS = NO;
				CLANG_ANALYZER_NONNULL = YES;
				CLANG_ANALYZER_NUMBER_OBJECT_CONVERSION = YES_AGGRESSIVE;
				CLANG_CXX_LANGUAGE_STANDARD = "gnu++14";
				CLANG_CXX_LIBRARY = "libc++";
				CLANG_ENABLE_MODULES = YES;
				CLANG_ENABLE_OBJC_ARC = YES;
				CLANG_ENABLE_OBJC_WEAK = YES;
				CLANG_WARN_BLOCK_CAPTURE_AUTORELEASING = YES;
				CLANG_WARN_BOOL_CONVERSION = YES;
				CLANG_WARN_COMMA = YES;
				CLANG_WARN_CONSTANT_CONVERSION = YES;
				CLANG_WARN_DEPRECATED_OBJC_IMPLEMENTATIONS = YES;
				CLANG_WARN_DIRECT_OBJC_ISA_USAGE = YES_ERROR;
				CLANG_WARN_DOCUMENTATION_COMMENTS = YES;
				CLANG_WARN_EMPTY_BODY = YES;
				CLANG_WARN_ENUM_CONVERSION = YES;
				CLANG_WARN_INFINITE_RECURSION = YES;
				CLANG_WARN_INT_CONVERSION = YES;
				CLANG_WARN_NON_LITERAL_NULL_CONVERSION = YES;
				CLANG_WARN_OBJC_IMPLICIT_RETAIN_SELF = YES;
				CLANG_WARN_OBJC_LITERAL_CONVERSION = YES;
				CLANG_WARN_OBJC_ROOT_CLASS = YES_ERROR;
				CLANG_WARN_QUOTED_INCLUDE_IN_FRAMEWORK_HEADER = YES;
				CLANG_WARN_RANGE_LOOP_ANALYSIS = YES;
				CLANG_WARN_STRICT_PROTOTYPES = YES;
				CLANG_WARN_SUSPICIOUS_MOVE = YES;
				CLANG_WARN_UNGUARDED_AVAILABILITY = YES_AGGRESSIVE;
				CLANG_WARN_UNREACHABLE_CODE = YES;
				CLANG_WARN__DUPLICATE_METHOD_MATCH = YES;
				COPY_PHASE_STRIP = NO;
				DEBUG_INFORMATION_FORMAT = "dwarf-with-dsym";
				ENABLE_NS_ASSERTIONS = NO;
				ENABLE_STRICT_OBJC_MSGSEND = YES;
				GCC_C_LANGUAGE_STANDARD = gnu11;
				GCC_NO_COMMON_BLOCKS = YES;
				GCC_WARN_64_TO_32_BIT_CONVERSION = YES;
				GCC_WARN_ABOUT_RETURN_TYPE = YES_ERROR;
				GCC_WARN_UNDECLARED_SELECTOR = YES;
				GCC_WARN_UNINITIALIZED_AUTOS = YES_AGGRESSIVE;
				GCC_WARN_UNUSED_FUNCTION = YES;
				GCC_WARN_UNUSED_VARIABLE = YES;
				IPHONEOS_DEPLOYMENT_TARGET = 14.5;
				MTL_ENABLE_DEBUG_INFO = NO;
				MTL_FAST_MATH = YES;
				SDKROOT = iphoneos;
				SWIFT_COMPILATION_MODE = wholemodule;
				SWIFT_OPTIMIZATION_LEVEL = "-O";
				VALIDATE_PRODUCT = YES;
			};
			name = Release;
		};
		232828FB26EE3C5200597A65 /* Debug */ = {
			isa = XCBuildConfiguration;
			buildSettings = {
				ASSETCATALOG_COMPILER_APPICON_NAME = AppIcon;
				ASSETCATALOG_COMPILER_GLOBAL_ACCENT_COLOR_NAME = AccentColor;
				CODE_SIGN_STYLE = Automatic;
				DEVELOPMENT_ASSET_PATHS = "\"Viagens/Preview Content\"";
				ENABLE_PREVIEWS = YES;
				INFOPLIST_FILE = Viagens/Info.plist;
				IPHONEOS_DEPLOYMENT_TARGET = 14.0;
				LD_RUNPATH_SEARCH_PATHS = (
					"$(inherited)",
					"@executable_path/Frameworks",
				);
				PRODUCT_BUNDLE_IDENTIFIER = PedroJSMK.Viagens;
				PRODUCT_NAME = "$(TARGET_NAME)";
				SWIFT_VERSION = 5.0;
				TARGETED_DEVICE_FAMILY = "1,2";
			};
			name = Debug;
		};
		232828FC26EE3C5200597A65 /* Release */ = {
			isa = XCBuildConfiguration;
			buildSettings = {
				ASSETCATALOG_COMPILER_APPICON_NAME = AppIcon;
				ASSETCATALOG_COMPILER_GLOBAL_ACCENT_COLOR_NAME = AccentColor;
				CODE_SIGN_STYLE = Automatic;
				DEVELOPMENT_ASSET_PATHS = "\"Viagens/Preview Content\"";
				ENABLE_PREVIEWS = YES;
				INFOPLIST_FILE = Viagens/Info.plist;
				IPHONEOS_DEPLOYMENT_TARGET = 14.0;
				LD_RUNPATH_SEARCH_PATHS = (
					"$(inherited)",
					"@executable_path/Frameworks",
				);
				PRODUCT_BUNDLE_IDENTIFIER = PedroJSMK.Viagens;
				PRODUCT_NAME = "$(TARGET_NAME)";
				SWIFT_VERSION = 5.0;
				TARGETED_DEVICE_FAMILY = "1,2";
			};
			name = Release;
		};
/* End XCBuildConfiguration section */

/* Begin XCConfigurationList section */
		232828E626EE3C5100597A65 /* Build configuration list for PBXProject "Viagens" */ = {
			isa = XCConfigurationList;
			buildConfigurations = (
				232828F826EE3C5200597A65 /* Debug */,
				232828F926EE3C5200597A65 /* Release */,
			);
			defaultConfigurationIsVisible = 0;
			defaultConfigurationName = Release;
		};
		232828FA26EE3C5200597A65 /* Build configuration list for PBXNativeTarget "Viagens" */ = {
			isa = XCConfigurationList;
			buildConfigurations = (
				232828FB26EE3C5200597A65 /* Debug */,
				232828FC26EE3C5200597A65 /* Release */,
			);
			defaultConfigurationIsVisible = 0;
			defaultConfigurationName = Release;
		};
/* End XCConfigurationList section */
	};
	rootObject = 232828E326EE3C5100597A65 /* Project object */;
}
